
Microsoft Visual Studio Solution File, Format Version 12.00
# Visual Studio 15
VisualStudioVersion = 15.0.34112.143
MinimumVisualStudioVersion = 10.0.40219.1
Project("{8BC9CEB8-8B4A-11D0-8D11-00A0C91BC942}") = "P12", "P12\P12.vcxproj", "{8F390234-5734-4A2A-A9C9-EF16EC4C6FF2}"
EndProject
Project("{8BC9CEB8-8B4A-11D0-8D11-00A0C91BC942}") = "P13", "P13\P13.vcxproj", "{041476C7-5E25-4092-B729-A6527518AD95}"
EndProject
Project("{8BC9CEB8-8B4A-11D0-8D11-00A0C91BC942}") = "P15", "P15\P15.vcxproj", "{318737E4-DF24-410C-86CA-9A5FB2BC0DEB}"
EndProject
Project("{8BC9CEB8-8B4A-11D0-8D11-00A0C91BC942}") = "P16", "P16\P16.vcxproj", "{FD019BA9-76BA-4A5B-A050-3656C33E65A9}"
EndProject
Project("{8BC9CEB8-8B4A-11D0-8D11-00A0C91BC942}") = "P18", "P18\P18.vcxproj", "{F88079F4-F79A-4E24-A9D9-3E5E3498A570}"
EndProject
Project("{8BC9CEB8-8B4A-11D0-8D11-00A0C91BC942}") = "P20", "P20\P20.vcxproj", "{0E5B3AE5-9A85-42CA-9E77-A9FE996BA6E6}"
EndProject
Project("{8BC9CEB8-8B4A-11D0-8D11-00A0C91BC942}") = "P21", "P21\P21.vcxproj", "{907AF16A-4BAE-49EA-852F-A9E6D7FFA3AE}"
EndProject
Project("{8BC9CEB8-8B4A-11D0-8D11-00A0C91BC942}") = "P27", "P27\P27.vcxproj", "{1300794D-8E0D-4AEC-A821-80C5D43F23F4}"
EndProject
Project("{8BC9CEB8-8B4A-11D0-8D11-00A0C91BC942}") = "P23", "P23\P23.vcxproj", "{69C6099D-3000-4697-9973-CBC31DB57931}"
EndProject
Global
	GlobalSection(SolutionConfigurationPlatforms) = preSolution
		Debug|x64 = Debug|x64
		Debug|x86 = Debug|x86
		Release|x64 = Release|x64
		Release|x86 = Release|x86
	EndGlobalSection
	GlobalSection(ProjectConfigurationPlatforms) = postSolution
		{8F390234-5734-4A2A-A9C9-EF16EC4C6FF2}.Debug|x64.ActiveCfg = Debug|x64
		{8F390234-5734-4A2A-A9C9-EF16EC4C6FF2}.Debug|x64.Build.0 = Debug|x64
		{8F390234-5734-4A2A-A9C9-EF16EC4C6FF2}.Debug|x86.ActiveCfg = Debug|Win32
		{8F390234-5734-4A2A-A9C9-EF16EC4C6FF2}.Debug|x86.Build.0 = Debug|Win32
		{8F390234-5734-4A2A-A9C9-EF16EC4C6FF2}.Release|x64.ActiveCfg = Release|x64
		{8F390234-5734-4A2A-A9C9-EF16EC4C6FF2}.Release|x64.Build.0 = Release|x64
		{8F390234-5734-4A2A-A9C9-EF16EC4C6FF2}.Release|x86.ActiveCfg = Release|Win32
		{8F390234-5734-4A2A-A9C9-EF16EC4C6FF2}.Release|x86.Build.0 = Release|Win32
		{041476C7-5E25-4092-B729-A6527518AD95}.Debug|x64.ActiveCfg = Debug|x64
		{041476C7-5E25-4092-B729-A6527518AD95}.Debug|x64.Build.0 = Debug|x64
		{041476C7-5E25-4092-B729-A6527518AD95}.Debug|x86.ActiveCfg = Debug|Win32
		{041476C7-5E25-4092-B729-A6527518AD95}.Debug|x86.Build.0 = Debug|Win32
		{041476C7-5E25-4092-B729-A6527518AD95}.Release|x64.ActiveCfg = Release|x64
		{041476C7-5E25-4092-B729-A6527518AD95}.Release|x64.Build.0 = Release|x64
		{041476C7-5E25-4092-B729-A6527518AD95}.Release|x86.ActiveCfg = Release|Win32
		{041476C7-5E25-4092-B729-A6527518AD95}.Release|x86.Build.0 = Release|Win32
		{318737E4-DF24-410C-86CA-9A5FB2BC0DEB}.Debug|x64.ActiveCfg = Debug|x64
		{318737E4-DF24-410C-86CA-9A5FB2BC0DEB}.Debug|x64.Build.0 = Debug|x64
		{318737E4-DF24-410C-86CA-9A5FB2BC0DEB}.Debug|x86.ActiveCfg = Debug|Win32
		{318737E4-DF24-410C-86CA-9A5FB2BC0DEB}.Debug|x86.Build.0 = Debug|Win32
		{318737E4-DF24-410C-86CA-9A5FB2BC0DEB}.Release|x64.ActiveCfg = Release|x64
		{318737E4-DF24-410C-86CA-9A5FB2BC0DEB}.Release|x64.Build.0 = Release|x64
		{318737E4-DF24-410C-86CA-9A5FB2BC0DEB}.Release|x86.ActiveCfg = Release|Win32
		{318737E4-DF24-410C-86CA-9A5FB2BC0DEB}.Release|x86.Build.0 = Release|Win32
		{FD019BA9-76BA-4A5B-A050-3656C33E65A9}.Debug|x64.ActiveCfg = Debug|x64
		{FD019BA9-76BA-4A5B-A050-3656C33E65A9}.Debug|x64.Build.0 = Debug|x64
		{FD019BA9-76BA-4A5B-A050-3656C33E65A9}.Debug|x86.ActiveCfg = Debug|Win32
		{FD019BA9-76BA-4A5B-A050-3656C33E65A9}.Debug|x86.Build.0 = Debug|Win32
		{FD019BA9-76BA-4A5B-A050-3656C33E65A9}.Release|x64.ActiveCfg = Release|x64
		{FD019BA9-76BA-4A5B-A050-3656C33E65A9}.Release|x64.Build.0 = Release|x64
		{FD019BA9-76BA-4A5B-A050-3656C33E65A9}.Release|x86.ActiveCfg = Release|Win32
		{FD019BA9-76BA-4A5B-A050-3656C33E65A9}.Release|x86.Build.0 = Release|Win32
		{F88079F4-F79A-4E24-A9D9-3E5E3498A570}.Debug|x64.ActiveCfg = Debug|x64
		{F88079F4-F79A-4E24-A9D9-3E5E3498A570}.Debug|x64.Build.0 = Debug|x64
		{F88079F4-F79A-4E24-A9D9-3E5E3498A570}.Debug|x86.ActiveCfg = Debug|Win32
		{F88079F4-F79A-4E24-A9D9-3E5E3498A570}.Debug|x86.Build.0 = Debug|Win32
		{F88079F4-F79A-4E24-A9D9-3E5E3498A570}.Release|x64.ActiveCfg = Release|x64
		{F88079F4-F79A-4E24-A9D9-3E5E3498A570}.Release|x64.Build.0 = Release|x64
		{F88079F4-F79A-4E24-A9D9-3E5E3498A570}.Release|x86.ActiveCfg = Release|Win32
		{F88079F4-F79A-4E24-A9D9-3E5E3498A570}.Release|x86.Build.0 = Release|Win32
		{0E5B3AE5-9A85-42CA-9E77-A9FE996BA6E6}.Debug|x64.ActiveCfg = Debug|x64
		{0E5B3AE5-9A85-42CA-9E77-A9FE996BA6E6}.Debug|x64.Build.0 = Debug|x64
		{0E5B3AE5-9A85-42CA-9E77-A9FE996BA6E6}.Debug|x86.ActiveCfg = Debug|Win32
		{0E5B3AE5-9A85-42CA-9E77-A9FE996BA6E6}.Debug|x86.Build.0 = Debug|Win32
		{0E5B3AE5-9A85-42CA-9E77-A9FE996BA6E6}.Release|x64.ActiveCfg = Release|x64
		{0E5B3AE5-9A85-42CA-9E77-A9FE996BA6E6}.Release|x64.Build.0 = Release|x64
		{0E5B3AE5-9A85-42CA-9E77-A9FE996BA6E6}.Release|x86.ActiveCfg = Release|Win32
		{0E5B3AE5-9A85-42CA-9E77-A9FE996BA6E6}.Release|x86.Build.0 = Release|Win32
		{907AF16A-4BAE-49EA-852F-A9E6D7FFA3AE}.Debug|x64.ActiveCfg = Debug|x64
		{907AF16A-4BAE-49EA-852F-A9E6D7FFA3AE}.Debug|x64.Build.0 = Debug|x64
		{907AF16A-4BAE-49EA-852F-A9E6D7FFA3AE}.Debug|x86.ActiveCfg = Debug|Win32
		{907AF16A-4BAE-49EA-852F-A9E6D7FFA3AE}.Debug|x86.Build.0 = Debug|Win32
		{907AF16A-4BAE-49EA-852F-A9E6D7FFA3AE}.Release|x64.ActiveCfg = Release|x64
		{907AF16A-4BAE-49EA-852F-A9E6D7FFA3AE}.Release|x64.Build.0 = Release|x64
		{907AF16A-4BAE-49EA-852F-A9E6D7FFA3AE}.Release|x86.ActiveCfg = Release|Win32
		{907AF16A-4BAE-49EA-852F-A9E6D7FFA3AE}.Release|x86.Build.0 = Release|Win32
		{1300794D-8E0D-4AEC-A821-80C5D43F23F4}.Debug|x64.ActiveCfg = Debug|x64
		{1300794D-8E0D-4AEC-A821-80C5D43F23F4}.Debug|x64.Build.0 = Debug|x64
		{1300794D-8E0D-4AEC-A821-80C5D43F23F4}.Debug|x86.ActiveCfg = Debug|Win32
		{1300794D-8E0D-4AEC-A821-80C5D43F23F4}.Debug|x86.Build.0 = Debug|Win32
		{1300794D-8E0D-4AEC-A821-80C5D43F23F4}.Release|x64.ActiveCfg = Release|x64
		{1300794D-8E0D-4AEC-A821-80C5D43F23F4}.Release|x64.Build.0 = Release|x64
		{1300794D-8E0D-4AEC-A821-80C5D43F23F4}.Release|x86.ActiveCfg = Release|Win32
		{1300794D-8E0D-4AEC-A821-80C5D43F23F4}.Release|x86.Build.0 = Release|Win32
		{69C6099D-3000-4697-9973-CBC31DB57931}.Debug|x64.ActiveCfg = Debug|x64
		{69C6099D-3000-4697-9973-CBC31DB57931}.Debug|x64.Build.0 = Debug|x64
		{69C6099D-3000-4697-9973-CBC31DB57931}.Debug|x86.ActiveCfg = Debug|Win32
		{69C6099D-3000-4697-9973-CBC31DB57931}.Debug|x86.Build.0 = Debug|Win32
		{69C6099D-3000-4697-9973-CBC31DB57931}.Release|x64.ActiveCfg = Release|x64
		{69C6099D-3000-4697-9973-CBC31DB57931}.Release|x64.Build.0 = Release|x64
		{69C6099D-3000-4697-9973-CBC31DB57931}.Release|x86.ActiveCfg = Release|Win32
		{69C6099D-3000-4697-9973-CBC31DB57931}.Release|x86.Build.0 = Release|Win32
	EndGlobalSection
	GlobalSection(SolutionProperties) = preSolution
		HideSolutionNode = FALSE
	EndGlobalSection
	GlobalSection(ExtensibilityGlobals) = postSolution
		SolutionGuid = {8E09A6C7-50E7-4C50-8776-0F3C259FF43B}
	EndGlobalSection
EndGlobal
